
Microsoft Visual Studio Solution File, Format Version 12.00
# Visual Studio Version 17
VisualStudioVersion = 17.5.33502.453
MinimumVisualStudioVersion = 10.0.40219.1
Project("{FAE04EC0-301F-11D3-BF4B-00C04F79EFBC}") = "qBittorrentAssistant", "qBittorrentAssistant\qBittorrentAssistant.csproj", "{DC55CAB3-76E3-4B1D-ABB9-064D0ED82AD9}"
EndProject
Global
	GlobalSection(SolutionConfigurationPlatforms) = preSolution
		Debug|Any CPU = Debug|Any CPU
		Release|Any CPU = Release|Any CPU
	EndGlobalSection
	GlobalSection(ProjectConfigurationPlatforms) = postSolution
		{DC55CAB3-76E3-4B1D-ABB9-064D0ED82AD9}.Debug|Any CPU.ActiveCfg = Debug|Any CPU
		{DC55CAB3-76E3-4B1D-ABB9-064D0ED82AD9}.Debug|Any CPU.Build.0 = Debug|Any CPU
		{DC55CAB3-76E3-4B1D-ABB9-064D0ED82AD9}.Release|Any CPU.ActiveCfg = Release|Any CPU
		{DC55CAB3-76E3-4B1D-ABB9-064D0ED82AD9}.Release|Any CPU.Build.0 = Release|Any CPU
	EndGlobalSection
	GlobalSection(SolutionProperties) = preSolution
		HideSolutionNode = FALSE
	EndGlobalSection
	GlobalSection(ExtensibilityGlobals) = postSolution
		SolutionGuid = {7D477ACD-624D-4B9F-A497-9A5DDB011DE5}
	EndGlobalSection
EndGlobal
